
Microsoft Visual Studio Solution File, Format Version 12.00
# Visual Studio 14
VisualStudioVersion = 14.0.25420.1
MinimumVisualStudioVersion = 10.0.40219.1
Project("{2150E333-8FDC-42A3-9474-1A3956D46DE8}") = "src", "src", "{CCEFDB32-E335-43F3-9A27-CCFCF510448C}"
EndProject
Project("{2150E333-8FDC-42A3-9474-1A3956D46DE8}") = "Solution Items", "Solution Items", "{1D41E1F5-6BDA-4EC2-BBA5-5DC07EB80C17}"
	ProjectSection(SolutionItems) = preProject
		global.json = global.json
	EndProjectSection
EndProject
Project("{8BB2217D-0F2D-49D1-97BC-3654ED321F3B}") = "HomePageApp", "src\HomePageApp\HomePageApp.xproj", "{41078D8E-F66D-4815-B249-E611E08B1B49}"
EndProject
Project("{8BB2217D-0F2D-49D1-97BC-3654ED321F3B}") = "WeatherAPI", "src\WeatherAPI\WeatherAPI.xproj", "{92A44AC7-3531-4D86-8DD9-EBEA96582D8B}"
EndProject
Project("{8BB2217D-0F2D-49D1-97BC-3654ED321F3B}") = "WeatherAPITester", "src\WeatherAPITester\WeatherAPITester.xproj", "{C486115E-97F1-473C-ABE8-CAF61B8EE53C}"
EndProject
Project("{8BB2217D-0F2D-49D1-97BC-3654ED321F3B}") = "BingImageAPI", "src\BingImageAPI\BingImageAPI.xproj", "{B63B1E2C-2BD4-4FDF-A1B0-B79C88076D7C}"
EndProject
Global
	GlobalSection(SolutionConfigurationPlatforms) = preSolution
		Debug|Any CPU = Debug|Any CPU
		Release|Any CPU = Release|Any CPU
	EndGlobalSection
	GlobalSection(ProjectConfigurationPlatforms) = postSolution
		{41078D8E-F66D-4815-B249-E611E08B1B49}.Debug|Any CPU.ActiveCfg = Debug|Any CPU
		{41078D8E-F66D-4815-B249-E611E08B1B49}.Debug|Any CPU.Build.0 = Debug|Any CPU
		{41078D8E-F66D-4815-B249-E611E08B1B49}.Release|Any CPU.ActiveCfg = Release|Any CPU
		{41078D8E-F66D-4815-B249-E611E08B1B49}.Release|Any CPU.Build.0 = Release|Any CPU
		{92A44AC7-3531-4D86-8DD9-EBEA96582D8B}.Debug|Any CPU.ActiveCfg = Debug|Any CPU
		{92A44AC7-3531-4D86-8DD9-EBEA96582D8B}.Debug|Any CPU.Build.0 = Debug|Any CPU
		{92A44AC7-3531-4D86-8DD9-EBEA96582D8B}.Release|Any CPU.ActiveCfg = Release|Any CPU
		{92A44AC7-3531-4D86-8DD9-EBEA96582D8B}.Release|Any CPU.Build.0 = Release|Any CPU
		{C486115E-97F1-473C-ABE8-CAF61B8EE53C}.Debug|Any CPU.ActiveCfg = Debug|Any CPU
		{C486115E-97F1-473C-ABE8-CAF61B8EE53C}.Debug|Any CPU.Build.0 = Debug|Any CPU
		{C486115E-97F1-473C-ABE8-CAF61B8EE53C}.Release|Any CPU.ActiveCfg = Release|Any CPU
		{C486115E-97F1-473C-ABE8-CAF61B8EE53C}.Release|Any CPU.Build.0 = Release|Any CPU
		{B63B1E2C-2BD4-4FDF-A1B0-B79C88076D7C}.Debug|Any CPU.ActiveCfg = Debug|Any CPU
		{B63B1E2C-2BD4-4FDF-A1B0-B79C88076D7C}.Debug|Any CPU.Build.0 = Debug|Any CPU
		{B63B1E2C-2BD4-4FDF-A1B0-B79C88076D7C}.Release|Any CPU.ActiveCfg = Release|Any CPU
		{B63B1E2C-2BD4-4FDF-A1B0-B79C88076D7C}.Release|Any CPU.Build.0 = Release|Any CPU
	EndGlobalSection
	GlobalSection(SolutionProperties) = preSolution
		HideSolutionNode = FALSE
	EndGlobalSection
	GlobalSection(NestedProjects) = preSolution
		{41078D8E-F66D-4815-B249-E611E08B1B49} = {CCEFDB32-E335-43F3-9A27-CCFCF510448C}
		{92A44AC7-3531-4D86-8DD9-EBEA96582D8B} = {CCEFDB32-E335-43F3-9A27-CCFCF510448C}
		{C486115E-97F1-473C-ABE8-CAF61B8EE53C} = {CCEFDB32-E335-43F3-9A27-CCFCF510448C}
		{B63B1E2C-2BD4-4FDF-A1B0-B79C88076D7C} = {CCEFDB32-E335-43F3-9A27-CCFCF510448C}
	EndGlobalSection
EndGlobal
